
Microsoft Visual Studio Solution File, Format Version 12.00
# Visual Studio Version 17
VisualStudioVersion = 17.3.32929.385
MinimumVisualStudioVersion = 10.0.40219.1
Project("{FAE04EC0-301F-11D3-BF4B-00C04F79EFBC}") = "RimVali-StoryTellers", "Source\RimVali-StoryTellers\RimVali-StoryTellers.csproj", "{D0EB419E-022F-4075-B1AB-6BBDC5B71D1C}"
EndProject
Project("{FAE04EC0-301F-11D3-BF4B-00C04F79EFBC}") = "RimVali-Packs", "Source\RimVali-Packs\RimVali-Packs.csproj", "{48EE54F9-3D8A-31DD-3C74-B2924609621A}"
EndProject
Project("{FAE04EC0-301F-11D3-BF4B-00C04F79EFBC}") = "RimVali-DefOfs", "Source\RimVali-Defs\RimVali-DefOfs.csproj", "{F9D09374-CA20-4F7E-9F55-3DE8C960EE85}"
EndProject
Project("{FAE04EC0-301F-11D3-BF4B-00C04F79EFBC}") = "RimVali-Beds", "Source\RimVali-Beds\RimVali-Beds.csproj", "{A1D5FE10-F195-406B-B897-A6A8A0E24E15}"
EndProject
Project("{FAE04EC0-301F-11D3-BF4B-00C04F79EFBC}") = "RimVali-WeaponCode", "Source\RimVali-WeaponCode\RimVali-WeaponCode.csproj", "{E1095CBD-0955-4103-B178-49ADD435371A}"
EndProject
Project("{FAE04EC0-301F-11D3-BF4B-00C04F79EFBC}") = "RimVali-NexusQuest", "Source\RimVali-NexusQuest\RimVali-NexusQuest.csproj", "{AF0266E3-B75C-444F-B1E8-636A5E4B281F}"
EndProject
Project("{FAE04EC0-301F-11D3-BF4B-00C04F79EFBC}") = "RimVali-Main-Settings", "Source\RimVali-Settings\RimVali-Main-Settings.csproj", "{7F7CFF79-B3CF-45A6-9BC3-29153FD5EE43}"
EndProject
Project("{FAE04EC0-301F-11D3-BF4B-00C04F79EFBC}") = "RimVali-WeaponDefinitions", "Source\RimVali-WeaponDefs\RimVali-WeaponDefinitions.csproj", "{8E176D07-0A25-4AF1-8374-51E419281007}"
EndProject
Project("{FAE04EC0-301F-11D3-BF4B-00C04F79EFBC}") = "Definitions", "Source\Definitions\Definitions.csproj", "{62E9F979-32BC-59A9-B667-BF3A82F4BD75}"
EndProject
Project("{FAE04EC0-301F-11D3-BF4B-00C04F79EFBC}") = "RimVali-Languages", "Source\RimVali-Languages\RimVali-Languages.csproj", "{9CB09956-473D-44EA-A3CB-0858A220551B}"
EndProject
Project("{FAE04EC0-301F-11D3-BF4B-00C04F79EFBC}") = "RimVali-Patches", "Source\RimVali-Patches\RimVali-Patches.csproj", "{B1F52FB4-8304-E6C4-D504-8C7F2DA1859C}"
EndProject
Project("{FAE04EC0-301F-11D3-BF4B-00C04F79EFBC}") = "Combat_ExtendedPatches", "Source\Combat_ExtendedPatches\Combat_ExtendedPatches.csproj", "{F6311D13-6EB2-4AAE-A396-A67B60597814}"
EndProject
Project("{FAE04EC0-301F-11D3-BF4B-00C04F79EFBC}") = "BiotechPatches", "Source\BiotechPatches\BiotechPatches.csproj", "{0C85449D-BEE3-4078-94D9-32E52B81C15D}"
EndProject
Project("{FAE04EC0-301F-11D3-BF4B-00C04F79EFBC}") = "RimValiAboutInfo", "Source\RimValiAboutInfo\RimValiAboutInfo.csproj", "{6F1F01C2-CF52-417F-A1B6-3F204CB4BA85}"
EndProject
Project("{FAE04EC0-301F-11D3-BF4B-00C04F79EFBC}") = "IdeologyPatches", "Source\IdeologyPatches\IdeologyPatches.csproj", "{DB436ACC-5926-4411-97DA-6C27E91C994E}"
EndProject
Project("{FAE04EC0-301F-11D3-BF4B-00C04F79EFBC}") = "Rimvali-Terraforming", "Source\Rimvali-Terraforming\Rimvali-Terraforming.csproj", "{5012CE2E-B784-4490-B22E-2D4826B2C8EA}"
EndProject
Project("{FAE04EC0-301F-11D3-BF4B-00C04F79EFBC}") = "RoyaltyPatches", "Source\RoyaltyPatches\RoyaltyPatches.csproj", "{99D9B015-AB6C-2CA5-855F-39A5318E07E4}"
EndProject
Project("{FAE04EC0-301F-11D3-BF4B-00C04F79EFBC}") = "RimVali-RimLanguagesPatches", "Source\RimVali-RimLanguages-Patches\RimVali-RimLanguagesPatches.csproj", "{4CEE8225-9168-6489-D9A3-FC01AF13B1EE}"
EndProject
Global
	GlobalSection(SolutionConfigurationPlatforms) = preSolution
		Debug|Any CPU = Debug|Any CPU
		Release|Any CPU = Release|Any CPU
	EndGlobalSection
	GlobalSection(ProjectConfigurationPlatforms) = postSolution
		{D0EB419E-022F-4075-B1AB-6BBDC5B71D1C}.Debug|Any CPU.ActiveCfg = Debug|Any CPU
		{D0EB419E-022F-4075-B1AB-6BBDC5B71D1C}.Debug|Any CPU.Build.0 = Debug|Any CPU
		{D0EB419E-022F-4075-B1AB-6BBDC5B71D1C}.Release|Any CPU.ActiveCfg = Release|Any CPU
		{D0EB419E-022F-4075-B1AB-6BBDC5B71D1C}.Release|Any CPU.Build.0 = Release|Any CPU
		{48EE54F9-3D8A-31DD-3C74-B2924609621A}.Debug|Any CPU.ActiveCfg = Debug|Any CPU
		{48EE54F9-3D8A-31DD-3C74-B2924609621A}.Debug|Any CPU.Build.0 = Debug|Any CPU
		{48EE54F9-3D8A-31DD-3C74-B2924609621A}.Release|Any CPU.ActiveCfg = Release|Any CPU
		{48EE54F9-3D8A-31DD-3C74-B2924609621A}.Release|Any CPU.Build.0 = Release|Any CPU
		{F9D09374-CA20-4F7E-9F55-3DE8C960EE85}.Debug|Any CPU.ActiveCfg = Debug|Any CPU
		{F9D09374-CA20-4F7E-9F55-3DE8C960EE85}.Debug|Any CPU.Build.0 = Debug|Any CPU
		{F9D09374-CA20-4F7E-9F55-3DE8C960EE85}.Release|Any CPU.ActiveCfg = Release|Any CPU
		{F9D09374-CA20-4F7E-9F55-3DE8C960EE85}.Release|Any CPU.Build.0 = Release|Any CPU
		{A1D5FE10-F195-406B-B897-A6A8A0E24E15}.Debug|Any CPU.ActiveCfg = Debug|Any CPU
		{A1D5FE10-F195-406B-B897-A6A8A0E24E15}.Debug|Any CPU.Build.0 = Debug|Any CPU
		{A1D5FE10-F195-406B-B897-A6A8A0E24E15}.Release|Any CPU.ActiveCfg = Release|Any CPU
		{A1D5FE10-F195-406B-B897-A6A8A0E24E15}.Release|Any CPU.Build.0 = Release|Any CPU
		{E1095CBD-0955-4103-B178-49ADD435371A}.Debug|Any CPU.ActiveCfg = Debug|Any CPU
		{E1095CBD-0955-4103-B178-49ADD435371A}.Debug|Any CPU.Build.0 = Debug|Any CPU
		{E1095CBD-0955-4103-B178-49ADD435371A}.Release|Any CPU.ActiveCfg = Release|Any CPU
		{E1095CBD-0955-4103-B178-49ADD435371A}.Release|Any CPU.Build.0 = Release|Any CPU
		{AF0266E3-B75C-444F-B1E8-636A5E4B281F}.Debug|Any CPU.ActiveCfg = Debug|Any CPU
		{AF0266E3-B75C-444F-B1E8-636A5E4B281F}.Debug|Any CPU.Build.0 = Debug|Any CPU
		{AF0266E3-B75C-444F-B1E8-636A5E4B281F}.Release|Any CPU.ActiveCfg = Release|Any CPU
		{AF0266E3-B75C-444F-B1E8-636A5E4B281F}.Release|Any CPU.Build.0 = Release|Any CPU
		{7F7CFF79-B3CF-45A6-9BC3-29153FD5EE43}.Debug|Any CPU.ActiveCfg = Debug|Any CPU
		{7F7CFF79-B3CF-45A6-9BC3-29153FD5EE43}.Debug|Any CPU.Build.0 = Debug|Any CPU
		{7F7CFF79-B3CF-45A6-9BC3-29153FD5EE43}.Release|Any CPU.ActiveCfg = Release|Any CPU
		{7F7CFF79-B3CF-45A6-9BC3-29153FD5EE43}.Release|Any CPU.Build.0 = Release|Any CPU
		{8E176D07-0A25-4AF1-8374-51E419281007}.Debug|Any CPU.ActiveCfg = Debug|Any CPU
		{8E176D07-0A25-4AF1-8374-51E419281007}.Debug|Any CPU.Build.0 = Debug|Any CPU
		{8E176D07-0A25-4AF1-8374-51E419281007}.Release|Any CPU.ActiveCfg = Release|Any CPU
		{8E176D07-0A25-4AF1-8374-51E419281007}.Release|Any CPU.Build.0 = Release|Any CPU
		{62E9F979-32BC-59A9-B667-BF3A82F4BD75}.Debug|Any CPU.ActiveCfg = Debug|Any CPU
		{62E9F979-32BC-59A9-B667-BF3A82F4BD75}.Debug|Any CPU.Build.0 = Debug|Any CPU
		{62E9F979-32BC-59A9-B667-BF3A82F4BD75}.Release|Any CPU.ActiveCfg = Release|Any CPU
		{62E9F979-32BC-59A9-B667-BF3A82F4BD75}.Release|Any CPU.Build.0 = Release|Any CPU
		{9CB09956-473D-44EA-A3CB-0858A220551B}.Debug|Any CPU.ActiveCfg = Debug|Any CPU
		{9CB09956-473D-44EA-A3CB-0858A220551B}.Debug|Any CPU.Build.0 = Debug|Any CPU
		{9CB09956-473D-44EA-A3CB-0858A220551B}.Release|Any CPU.ActiveCfg = Release|Any CPU
		{9CB09956-473D-44EA-A3CB-0858A220551B}.Release|Any CPU.Build.0 = Release|Any CPU
		{B1F52FB4-8304-E6C4-D504-8C7F2DA1859C}.Debug|Any CPU.ActiveCfg = Debug|Any CPU
		{B1F52FB4-8304-E6C4-D504-8C7F2DA1859C}.Debug|Any CPU.Build.0 = Debug|Any CPU
		{B1F52FB4-8304-E6C4-D504-8C7F2DA1859C}.Release|Any CPU.ActiveCfg = Release|Any CPU
		{B1F52FB4-8304-E6C4-D504-8C7F2DA1859C}.Release|Any CPU.Build.0 = Release|Any CPU
		{F6311D13-6EB2-4AAE-A396-A67B60597814}.Debug|Any CPU.ActiveCfg = Debug|Any CPU
		{F6311D13-6EB2-4AAE-A396-A67B60597814}.Debug|Any CPU.Build.0 = Debug|Any CPU
		{F6311D13-6EB2-4AAE-A396-A67B60597814}.Release|Any CPU.ActiveCfg = Release|Any CPU
		{F6311D13-6EB2-4AAE-A396-A67B60597814}.Release|Any CPU.Build.0 = Release|Any CPU
		{0C85449D-BEE3-4078-94D9-32E52B81C15D}.Debug|Any CPU.ActiveCfg = Debug|Any CPU
		{0C85449D-BEE3-4078-94D9-32E52B81C15D}.Debug|Any CPU.Build.0 = Debug|Any CPU
		{0C85449D-BEE3-4078-94D9-32E52B81C15D}.Release|Any CPU.ActiveCfg = Release|Any CPU
		{0C85449D-BEE3-4078-94D9-32E52B81C15D}.Release|Any CPU.Build.0 = Release|Any CPU
		{6F1F01C2-CF52-417F-A1B6-3F204CB4BA85}.Debug|Any CPU.ActiveCfg = Debug|Any CPU
		{6F1F01C2-CF52-417F-A1B6-3F204CB4BA85}.Debug|Any CPU.Build.0 = Debug|Any CPU
		{6F1F01C2-CF52-417F-A1B6-3F204CB4BA85}.Release|Any CPU.ActiveCfg = Release|Any CPU
		{6F1F01C2-CF52-417F-A1B6-3F204CB4BA85}.Release|Any CPU.Build.0 = Release|Any CPU
		{DB436ACC-5926-4411-97DA-6C27E91C994E}.Debug|Any CPU.ActiveCfg = Debug|Any CPU
		{DB436ACC-5926-4411-97DA-6C27E91C994E}.Debug|Any CPU.Build.0 = Debug|Any CPU
		{DB436ACC-5926-4411-97DA-6C27E91C994E}.Release|Any CPU.ActiveCfg = Release|Any CPU
		{DB436ACC-5926-4411-97DA-6C27E91C994E}.Release|Any CPU.Build.0 = Release|Any CPU
		{5012CE2E-B784-4490-B22E-2D4826B2C8EA}.Debug|Any CPU.ActiveCfg = Debug|Any CPU
		{5012CE2E-B784-4490-B22E-2D4826B2C8EA}.Debug|Any CPU.Build.0 = Debug|Any CPU
		{5012CE2E-B784-4490-B22E-2D4826B2C8EA}.Release|Any CPU.ActiveCfg = Release|Any CPU
		{5012CE2E-B784-4490-B22E-2D4826B2C8EA}.Release|Any CPU.Build.0 = Release|Any CPU
		{99D9B015-AB6C-2CA5-855F-39A5318E07E4}.Debug|Any CPU.ActiveCfg = Debug|Any CPU
		{99D9B015-AB6C-2CA5-855F-39A5318E07E4}.Debug|Any CPU.Build.0 = Debug|Any CPU
		{99D9B015-AB6C-2CA5-855F-39A5318E07E4}.Release|Any CPU.ActiveCfg = Release|Any CPU
		{99D9B015-AB6C-2CA5-855F-39A5318E07E4}.Release|Any CPU.Build.0 = Release|Any CPU
		{4CEE8225-9168-6489-D9A3-FC01AF13B1EE}.Debug|Any CPU.ActiveCfg = Debug|Any CPU
		{4CEE8225-9168-6489-D9A3-FC01AF13B1EE}.Debug|Any CPU.Build.0 = Debug|Any CPU
		{4CEE8225-9168-6489-D9A3-FC01AF13B1EE}.Release|Any CPU.ActiveCfg = Release|Any CPU
		{4CEE8225-9168-6489-D9A3-FC01AF13B1EE}.Release|Any CPU.Build.0 = Release|Any CPU
	EndGlobalSection
	GlobalSection(SolutionProperties) = preSolution
		HideSolutionNode = FALSE
	EndGlobalSection
	GlobalSection(ExtensibilityGlobals) = postSolution
		SolutionGuid = {3D40E1D4-131E-402D-8913-A491F2506AD1}
	EndGlobalSection
EndGlobal
