
Microsoft Visual Studio Solution File, Format Version 12.00
# Visual Studio Version 16
VisualStudioVersion = 16.0.32901.82
MinimumVisualStudioVersion = 10.0.40219.1
Project("{FAE04EC0-301F-11D3-BF4B-00C04F79EFBC}") = "1.4StoriesTo1.5", "1.4StoriesTo1.5.csproj", "{ACE9F522-4948-4FE8-84D8-392941BC6F46}"
EndProject
Global
	GlobalSection(SolutionConfigurationPlatforms) = preSolution
		Debug|Any CPU = Debug|Any CPU
		Release|Any CPU = Release|Any CPU
	EndGlobalSection
	GlobalSection(ProjectConfigurationPlatforms) = postSolution
		{ACE9F522-4948-4FE8-84D8-392941BC6F46}.Debug|Any CPU.ActiveCfg = Debug|Any CPU
		{ACE9F522-4948-4FE8-84D8-392941BC6F46}.Debug|Any CPU.Build.0 = Debug|Any CPU
		{ACE9F522-4948-4FE8-84D8-392941BC6F46}.Release|Any CPU.ActiveCfg = Release|Any CPU
		{ACE9F522-4948-4FE8-84D8-392941BC6F46}.Release|Any CPU.Build.0 = Release|Any CPU
	EndGlobalSection
	GlobalSection(SolutionProperties) = preSolution
		HideSolutionNode = FALSE
	EndGlobalSection
	GlobalSection(ExtensibilityGlobals) = postSolution
		SolutionGuid = {8DFCF300-1830-425C-B665-94BE9EAA4F61}
	EndGlobalSection
EndGlobal
